
Microsoft Visual Studio Solution File, Format Version 12.00
Project("{FAE04EC0-301F-11D3-BF4B-00C04F79EFBC}") = "AuroraBricks", "AuroraBricks.csproj", "{B24CC766-D40D-4E8A-A0D3-F190A4566D51}"
EndProject
Global
	GlobalSection(SolutionConfigurationPlatforms) = preSolution
		Debug|Any CPU = Debug|Any CPU
		Release|Any CPU = Release|Any CPU
	EndGlobalSection
	GlobalSection(ProjectConfigurationPlatforms) = postSolution
		{B24CC766-D40D-4E8A-A0D3-F190A4566D51}.Debug|Any CPU.ActiveCfg = Debug|Any CPU
		{B24CC766-D40D-4E8A-A0D3-F190A4566D51}.Debug|Any CPU.Build.0 = Debug|Any CPU
		{B24CC766-D40D-4E8A-A0D3-F190A4566D51}.Release|Any CPU.ActiveCfg = Release|Any CPU
		{B24CC766-D40D-4E8A-A0D3-F190A4566D51}.Release|Any CPU.Build.0 = Release|Any CPU
	EndGlobalSection
EndGlobal
